// !$*UTF8*$!
{
	archiveVersion = 1;
	classes = {
	};
	objectVersion = 50;
	objects = {

/* Begin PBXBuildFile section */
		8406A9A320D29C0E00D24BF7 /* UserData.swift in Sources */ = {isa = PBXBuildFile; fileRef = 8406A9A220D29C0E00D24BF7 /* UserData.swift */; };
		8406AAD920E509C1007073FD /* CollectionViewController.swift in Sources */ = {isa = PBXBuildFile; fileRef = 8406AAD820E509C1007073FD /* CollectionViewController.swift */; };
		8406AADB20E51196007073FD /* Restaurant.swift in Sources */ = {isa = PBXBuildFile; fileRef = 8406AADA20E51196007073FD /* Restaurant.swift */; };
		843FB08320D4D8C5000F5708 /* PapeControl.swift in Sources */ = {isa = PBXBuildFile; fileRef = 843FB08220D4D8C5000F5708 /* PapeControl.swift */; };
		845157B620CBEBEC0049B970 /* AppDelegate.swift in Sources */ = {isa = PBXBuildFile; fileRef = 845157B520CBEBEC0049B970 /* AppDelegate.swift */; };
		845157BB20CBEBEC0049B970 /* Main.storyboard in Resources */ = {isa = PBXBuildFile; fileRef = 845157B920CBEBEC0049B970 /* Main.storyboard */; };
		845157BD20CBEBEE0049B970 /* Assets.xcassets in Resources */ = {isa = PBXBuildFile; fileRef = 845157BC20CBEBEE0049B970 /* Assets.xcassets */; };
		845157C020CBEBEE0049B970 /* LaunchScreen.storyboard in Resources */ = {isa = PBXBuildFile; fileRef = 845157BE20CBEBEE0049B970 /* LaunchScreen.storyboard */; };
		845157CB20CBEBEE0049B970 /* day_5Tests.swift in Sources */ = {isa = PBXBuildFile; fileRef = 845157CA20CBEBEE0049B970 /* day_5Tests.swift */; };
		845157D620CBEBEE0049B970 /* day_5UITests.swift in Sources */ = {isa = PBXBuildFile; fileRef = 845157D520CBEBEE0049B970 /* day_5UITests.swift */; };
		84630C9420E764A600FD822A /* GetDataCollectionViewCell.swift in Sources */ = {isa = PBXBuildFile; fileRef = 84630C9320E764A600FD822A /* GetDataCollectionViewCell.swift */; };
		84DF26C920DBD47800BC40ED /* MyCollectionView.swift in Sources */ = {isa = PBXBuildFile; fileRef = 84DF26C820DBD47800BC40ED /* MyCollectionView.swift */; };
		84DF26D920DBE31800BC40ED /* ConfirmViewController.swift in Sources */ = {isa = PBXBuildFile; fileRef = 84DF26D520DBE31700BC40ED /* ConfirmViewController.swift */; };
		84DF26DB20DBE31800BC40ED /* ViewController.swift in Sources */ = {isa = PBXBuildFile; fileRef = 84DF26D720DBE31700BC40ED /* ViewController.swift */; };
		84DF26DC20DBE31800BC40ED /* ViewSignUpController.swift in Sources */ = {isa = PBXBuildFile; fileRef = 84DF26D820DBE31800BC40ED /* ViewSignUpController.swift */; };
		84DF26DE20DBE31B00BC40ED /* Friend.swift in Sources */ = {isa = PBXBuildFile; fileRef = 84DF26DD20DBE31B00BC40ED /* Friend.swift */; };
		84DF26E020DBE31E00BC40ED /* CustomCell.swift in Sources */ = {isa = PBXBuildFile; fileRef = 84DF26DF20DBE31E00BC40ED /* CustomCell.swift */; };
		84DF26E220DBE35200BC40ED /* HomeViewController.swift in Sources */ = {isa = PBXBuildFile; fileRef = 84DF26E120DBE35200BC40ED /* HomeViewController.swift */; };
		84E5A18820E7AD5F00E74635 /* TabBarRetaurentControllerViewController.swift in Sources */ = {isa = PBXBuildFile; fileRef = 84E5A18720E7AD5F00E74635 /* TabBarRetaurentControllerViewController.swift */; };
		84E5A18B20E7B8A500E74635 /* CollectionViewCellCustom.swift in Sources */ = {isa = PBXBuildFile; fileRef = 84E5A18A20E7B8A500E74635 /* CollectionViewCellCustom.swift */; };
		84E5A18E20E7BD5100E74635 /* ExtensionCustom.swift in Sources */ = {isa = PBXBuildFile; fileRef = 84E5A18D20E7BD5100E74635 /* ExtensionCustom.swift */; };
/* End PBXBuildFile section */

/* Begin PBXContainerItemProxy section */
		845157C720CBEBEE0049B970 /* PBXContainerItemProxy */ = {
			isa = PBXContainerItemProxy;
			containerPortal = 845157AA20CBEBEC0049B970 /* Project object */;
			proxyType = 1;
			remoteGlobalIDString = 845157B120CBEBEC0049B970;
			remoteInfo = "day-5";
		};
		845157D220CBEBEE0049B970 /* PBXContainerItemProxy */ = {
			isa = PBXContainerItemProxy;
			containerPortal = 845157AA20CBEBEC0049B970 /* Project object */;
			proxyType = 1;
			remoteGlobalIDString = 845157B120CBEBEC0049B970;
			remoteInfo = "day-5";
		};
/* End PBXContainerItemProxy section */

/* Begin PBXFileReference section */
		8406A9A220D29C0E00D24BF7 /* UserData.swift */ = {isa = PBXFileReference; lastKnownFileType = sourcecode.swift; path = UserData.swift; sourceTree = "<group>"; };
		8406AAD820E509C1007073FD /* CollectionViewController.swift */ = {isa = PBXFileReference; lastKnownFileType = sourcecode.swift; path = CollectionViewController.swift; sourceTree = "<group>"; };
		8406AADA20E51196007073FD /* Restaurant.swift */ = {isa = PBXFileReference; lastKnownFileType = sourcecode.swift; path = Restaurant.swift; sourceTree = "<group>"; };
		843FB08220D4D8C5000F5708 /* PapeControl.swift */ = {isa = PBXFileReference; lastKnownFileType = sourcecode.swift; path = PapeControl.swift; sourceTree = "<group>"; };
		845157B220CBEBEC0049B970 /* day-5.app */ = {isa = PBXFileReference; explicitFileType = wrapper.application; includeInIndex = 0; path = "day-5.app"; sourceTree = BUILT_PRODUCTS_DIR; };
		845157B520CBEBEC0049B970 /* AppDelegate.swift */ = {isa = PBXFileReference; lastKnownFileType = sourcecode.swift; path = AppDelegate.swift; sourceTree = "<group>"; };
		845157BA20CBEBEC0049B970 /* Base */ = {isa = PBXFileReference; lastKnownFileType = file.storyboard; name = Base; path = Base.lproj/Main.storyboard; sourceTree = "<group>"; };
		845157BC20CBEBEE0049B970 /* Assets.xcassets */ = {isa = PBXFileReference; lastKnownFileType = folder.assetcatalog; path = Assets.xcassets; sourceTree = "<group>"; };
		845157BF20CBEBEE0049B970 /* Base */ = {isa = PBXFileReference; lastKnownFileType = file.storyboard; name = Base; path = Base.lproj/LaunchScreen.storyboard; sourceTree = "<group>"; };
		845157C120CBEBEE0049B970 /* Info.plist */ = {isa = PBXFileReference; lastKnownFileType = text.plist.xml; path = Info.plist; sourceTree = "<group>"; };
		845157C620CBEBEE0049B970 /* day-5Tests.xctest */ = {isa = PBXFileReference; explicitFileType = wrapper.cfbundle; includeInIndex = 0; path = "day-5Tests.xctest"; sourceTree = BUILT_PRODUCTS_DIR; };
		845157CA20CBEBEE0049B970 /* day_5Tests.swift */ = {isa = PBXFileReference; lastKnownFileType = sourcecode.swift; path = day_5Tests.swift; sourceTree = "<group>"; };
		845157CC20CBEBEE0049B970 /* Info.plist */ = {isa = PBXFileReference; lastKnownFileType = text.plist.xml; path = Info.plist; sourceTree = "<group>"; };
		845157D120CBEBEE0049B970 /* day-5UITests.xctest */ = {isa = PBXFileReference; explicitFileType = wrapper.cfbundle; includeInIndex = 0; path = "day-5UITests.xctest"; sourceTree = BUILT_PRODUCTS_DIR; };
		845157D520CBEBEE0049B970 /* day_5UITests.swift */ = {isa = PBXFileReference; lastKnownFileType = sourcecode.swift; path = day_5UITests.swift; sourceTree = "<group>"; };
		845157D720CBEBEE0049B970 /* Info.plist */ = {isa = PBXFileReference; lastKnownFileType = text.plist.xml; path = Info.plist; sourceTree = "<group>"; };
		84630C9320E764A600FD822A /* GetDataCollectionViewCell.swift */ = {isa = PBXFileReference; lastKnownFileType = sourcecode.swift; path = GetDataCollectionViewCell.swift; sourceTree = "<group>"; };
		84DF26C820DBD47800BC40ED /* MyCollectionView.swift */ = {isa = PBXFileReference; lastKnownFileType = sourcecode.swift; name = MyCollectionView.swift; path = "day-5/MyCollectionView.swift"; sourceTree = "<group>"; };
		84DF26D520DBE31700BC40ED /* ConfirmViewController.swift */ = {isa = PBXFileReference; lastKnownFileType = sourcecode.swift; path = ConfirmViewController.swift; sourceTree = "<group>"; };
		84DF26D720DBE31700BC40ED /* ViewController.swift */ = {isa = PBXFileReference; lastKnownFileType = sourcecode.swift; path = ViewController.swift; sourceTree = "<group>"; };
		84DF26D820DBE31800BC40ED /* ViewSignUpController.swift */ = {isa = PBXFileReference; lastKnownFileType = sourcecode.swift; path = ViewSignUpController.swift; sourceTree = "<group>"; };
		84DF26DD20DBE31B00BC40ED /* Friend.swift */ = {isa = PBXFileReference; lastKnownFileType = sourcecode.swift; path = Friend.swift; sourceTree = "<group>"; };
		84DF26DF20DBE31E00BC40ED /* CustomCell.swift */ = {isa = PBXFileReference; lastKnownFileType = sourcecode.swift; path = CustomCell.swift; sourceTree = "<group>"; };
		84DF26E120DBE35200BC40ED /* HomeViewController.swift */ = {isa = PBXFileReference; lastKnownFileType = sourcecode.swift; path = HomeViewController.swift; sourceTree = "<group>"; };
		84E5A18720E7AD5F00E74635 /* TabBarRetaurentControllerViewController.swift */ = {isa = PBXFileReference; lastKnownFileType = sourcecode.swift; path = TabBarRetaurentControllerViewController.swift; sourceTree = "<group>"; };
		84E5A18A20E7B8A500E74635 /* CollectionViewCellCustom.swift */ = {isa = PBXFileReference; lastKnownFileType = sourcecode.swift; path = CollectionViewCellCustom.swift; sourceTree = "<group>"; };
		84E5A18D20E7BD5100E74635 /* ExtensionCustom.swift */ = {isa = PBXFileReference; lastKnownFileType = sourcecode.swift; path = ExtensionCustom.swift; sourceTree = "<group>"; };
/* End PBXFileReference section */

/* Begin PBXFrameworksBuildPhase section */
		845157AF20CBEBEC0049B970 /* Frameworks */ = {
			isa = PBXFrameworksBuildPhase;
			buildActionMask = 2147483647;
			files = (
			);
			runOnlyForDeploymentPostprocessing = 0;
		};
		845157C320CBEBEE0049B970 /* Frameworks */ = {
			isa = PBXFrameworksBuildPhase;
			buildActionMask = 2147483647;
			files = (
			);
			runOnlyForDeploymentPostprocessing = 0;
		};
		845157CE20CBEBEE0049B970 /* Frameworks */ = {
			isa = PBXFrameworksBuildPhase;
			buildActionMask = 2147483647;
			files = (
			);
			runOnlyForDeploymentPostprocessing = 0;
		};
/* End PBXFrameworksBuildPhase section */

/* Begin PBXGroup section */
		845157A920CBEBEC0049B970 = {
			isa = PBXGroup;
			children = (
				84DF26C820DBD47800BC40ED /* MyCollectionView.swift */,
				845157B420CBEBEC0049B970 /* day-5 */,
				845157C920CBEBEE0049B970 /* day-5Tests */,
				845157D420CBEBEE0049B970 /* day-5UITests */,
				845157B320CBEBEC0049B970 /* Products */,
			);
			sourceTree = "<group>";
		};
		845157B320CBEBEC0049B970 /* Products */ = {
			isa = PBXGroup;
			children = (
				845157B220CBEBEC0049B970 /* day-5.app */,
				845157C620CBEBEE0049B970 /* day-5Tests.xctest */,
				845157D120CBEBEE0049B970 /* day-5UITests.xctest */,
			);
			name = Products;
			sourceTree = "<group>";
		};
		845157B420CBEBEC0049B970 /* day-5 */ = {
			isa = PBXGroup;
			children = (
				84E5A18C20E7BD0D00E74635 /* extension */,
				84630C9220E7641C00FD822A /* Delegate */,
				84630C9120E7640B00FD822A /* Views */,
				84DF26E420DBE7DC00BC40ED /* Models */,
				84DF26E320DBE7D400BC40ED /* Controllers */,
				845157B920CBEBEC0049B970 /* Main.storyboard */,
				845157BC20CBEBEE0049B970 /* Assets.xcassets */,
				845157BE20CBEBEE0049B970 /* LaunchScreen.storyboard */,
				845157C120CBEBEE0049B970 /* Info.plist */,
			);
			path = "day-5";
			sourceTree = "<group>";
		};
		845157C920CBEBEE0049B970 /* day-5Tests */ = {
			isa = PBXGroup;
			children = (
				845157CA20CBEBEE0049B970 /* day_5Tests.swift */,
				845157CC20CBEBEE0049B970 /* Info.plist */,
			);
			path = "day-5Tests";
			sourceTree = "<group>";
		};
		845157D420CBEBEE0049B970 /* day-5UITests */ = {
			isa = PBXGroup;
			children = (
				845157D520CBEBEE0049B970 /* day_5UITests.swift */,
				845157D720CBEBEE0049B970 /* Info.plist */,
			);
			path = "day-5UITests";
			sourceTree = "<group>";
		};
		84630C9120E7640B00FD822A /* Views */ = {
			isa = PBXGroup;
			children = (
				843FB08220D4D8C5000F5708 /* PapeControl.swift */,
				84DF26DF20DBE31E00BC40ED /* CustomCell.swift */,
				84630C9320E764A600FD822A /* GetDataCollectionViewCell.swift */,
				84E5A18A20E7B8A500E74635 /* CollectionViewCellCustom.swift */,
			);
			path = Views;
			sourceTree = "<group>";
		};
		84630C9220E7641C00FD822A /* Delegate */ = {
			isa = PBXGroup;
			children = (
				845157B520CBEBEC0049B970 /* AppDelegate.swift */,
				8406A9A220D29C0E00D24BF7 /* UserData.swift */,
			);
			path = Delegate;
			sourceTree = "<group>";
		};
		84DF26E320DBE7D400BC40ED /* Controllers */ = {
			isa = PBXGroup;
			children = (
				8406AAD820E509C1007073FD /* CollectionViewController.swift */,
				84DF26E120DBE35200BC40ED /* HomeViewController.swift */,
				84DF26D520DBE31700BC40ED /* ConfirmViewController.swift */,
				84DF26D720DBE31700BC40ED /* ViewController.swift */,
				84DF26D820DBE31800BC40ED /* ViewSignUpController.swift */,
				84E5A18720E7AD5F00E74635 /* TabBarRetaurentControllerViewController.swift */,
			);
			path = Controllers;
			sourceTree = "<group>";
		};
		84DF26E420DBE7DC00BC40ED /* Models */ = {
			isa = PBXGroup;
			children = (
				84DF26DD20DBE31B00BC40ED /* Friend.swift */,
				8406AADA20E51196007073FD /* Restaurant.swift */,
			);
			path = Models;
			sourceTree = "<group>";
		};
		84E5A18C20E7BD0D00E74635 /* extension */ = {
			isa = PBXGroup;
			children = (
				84E5A18D20E7BD5100E74635 /* ExtensionCustom.swift */,
			);
			path = extension;
			sourceTree = "<group>";
		};
/* End PBXGroup section */

/* Begin PBXNativeTarget section */
		845157B120CBEBEC0049B970 /* day-5 */ = {
			isa = PBXNativeTarget;
			buildConfigurationList = 845157DA20CBEBEE0049B970 /* Build configuration list for PBXNativeTarget "day-5" */;
			buildPhases = (
				845157AE20CBEBEC0049B970 /* Sources */,
				845157AF20CBEBEC0049B970 /* Frameworks */,
				845157B020CBEBEC0049B970 /* Resources */,
			);
			buildRules = (
			);
			dependencies = (
			);
			name = "day-5";
			productName = "day-5";
			productReference = 845157B220CBEBEC0049B970 /* day-5.app */;
			productType = "com.apple.product-type.application";
		};
		845157C520CBEBEE0049B970 /* day-5Tests */ = {
			isa = PBXNativeTarget;
			buildConfigurationList = 845157DD20CBEBEE0049B970 /* Build configuration list for PBXNativeTarget "day-5Tests" */;
			buildPhases = (
				845157C220CBEBEE0049B970 /* Sources */,
				845157C320CBEBEE0049B970 /* Frameworks */,
				845157C420CBEBEE0049B970 /* Resources */,
			);
			buildRules = (
			);
			dependencies = (
				845157C820CBEBEE0049B970 /* PBXTargetDependency */,
			);
			name = "day-5Tests";
			productName = "day-5Tests";
			productReference = 845157C620CBEBEE0049B970 /* day-5Tests.xctest */;
			productType = "com.apple.product-type.bundle.unit-test";
		};
		845157D020CBEBEE0049B970 /* day-5UITests */ = {
			isa = PBXNativeTarget;
			buildConfigurationList = 845157E020CBEBEE0049B970 /* Build configuration list for PBXNativeTarget "day-5UITests" */;
			buildPhases = (
				845157CD20CBEBEE0049B970 /* Sources */,
				845157CE20CBEBEE0049B970 /* Frameworks */,
				845157CF20CBEBEE0049B970 /* Resources */,
			);
			buildRules = (
			);
			dependencies = (
				845157D320CBEBEE0049B970 /* PBXTargetDependency */,
			);
			name = "day-5UITests";
			productName = "day-5UITests";
			productReference = 845157D120CBEBEE0049B970 /* day-5UITests.xctest */;
			productType = "com.apple.product-type.bundle.ui-testing";
		};
/* End PBXNativeTarget section */

/* Begin PBXProject section */
		845157AA20CBEBEC0049B970 /* Project object */ = {
			isa = PBXProject;
			attributes = {
				LastSwiftUpdateCheck = 0930;
				LastUpgradeCheck = 0930;
				ORGANIZATIONNAME = admin;
				TargetAttributes = {
					845157B120CBEBEC0049B970 = {
						CreatedOnToolsVersion = 9.3;
					};
					845157C520CBEBEE0049B970 = {
						CreatedOnToolsVersion = 9.3;
						TestTargetID = 845157B120CBEBEC0049B970;
					};
					845157D020CBEBEE0049B970 = {
						CreatedOnToolsVersion = 9.3;
						TestTargetID = 845157B120CBEBEC0049B970;
					};
				};
			};
			buildConfigurationList = 845157AD20CBEBEC0049B970 /* Build configuration list for PBXProject "NgocMinh" */;
			compatibilityVersion = "Xcode 9.3";
			developmentRegion = en;
			hasScannedForEncodings = 0;
			knownRegions = (
				en,
				Base,
			);
			mainGroup = 845157A920CBEBEC0049B970;
			productRefGroup = 845157B320CBEBEC0049B970 /* Products */;
			projectDirPath = "";
			projectRoot = "";
			targets = (
				845157B120CBEBEC0049B970 /* day-5 */,
				845157C520CBEBEE0049B970 /* day-5Tests */,
				845157D020CBEBEE0049B970 /* day-5UITests */,
			);
		};
/* End PBXProject section */

/* Begin PBXResourcesBuildPhase section */
		845157B020CBEBEC0049B970 /* Resources */ = {
			isa = PBXResourcesBuildPhase;
			buildActionMask = 2147483647;
			files = (
				845157C020CBEBEE0049B970 /* LaunchScreen.storyboard in Resources */,
				845157BD20CBEBEE0049B970 /* Assets.xcassets in Resources */,
				845157BB20CBEBEC0049B970 /* Main.storyboard in Resources */,
			);
			runOnlyForDeploymentPostprocessing = 0;
		};
		845157C420CBEBEE0049B970 /* Resources */ = {
			isa = PBXResourcesBuildPhase;
			buildActionMask = 2147483647;
			files = (
			);
			runOnlyForDeploymentPostprocessing = 0;
		};
		845157CF20CBEBEE0049B970 /* Resources */ = {
			isa = PBXResourcesBuildPhase;
			buildActionMask = 2147483647;
			files = (
			);
			runOnlyForDeploymentPostprocessing = 0;
		};
/* End PBXResourcesBuildPhase section */

/* Begin PBXSourcesBuildPhase section */
		845157AE20CBEBEC0049B970 /* Sources */ = {
			isa = PBXSourcesBuildPhase;
			buildActionMask = 2147483647;
			files = (
				84630C9420E764A600FD822A /* GetDataCollectionViewCell.swift in Sources */,
				84DF26D920DBE31800BC40ED /* ConfirmViewController.swift in Sources */,
				843FB08320D4D8C5000F5708 /* PapeControl.swift in Sources */,
				84E5A18820E7AD5F00E74635 /* TabBarRetaurentControllerViewController.swift in Sources */,
				84DF26E220DBE35200BC40ED /* HomeViewController.swift in Sources */,
				84DF26E020DBE31E00BC40ED /* CustomCell.swift in Sources */,
				84E5A18B20E7B8A500E74635 /* CollectionViewCellCustom.swift in Sources */,
				84DF26DC20DBE31800BC40ED /* ViewSignUpController.swift in Sources */,
				8406A9A320D29C0E00D24BF7 /* UserData.swift in Sources */,
				84DF26C920DBD47800BC40ED /* MyCollectionView.swift in Sources */,
				84E5A18E20E7BD5100E74635 /* ExtensionCustom.swift in Sources */,
				8406AAD920E509C1007073FD /* CollectionViewController.swift in Sources */,
				8406AADB20E51196007073FD /* Restaurant.swift in Sources */,
				84DF26DB20DBE31800BC40ED /* ViewController.swift in Sources */,
				84DF26DE20DBE31B00BC40ED /* Friend.swift in Sources */,
				845157B620CBEBEC0049B970 /* AppDelegate.swift in Sources */,
			);
			runOnlyForDeploymentPostprocessing = 0;
		};
		845157C220CBEBEE0049B970 /* Sources */ = {
			isa = PBXSourcesBuildPhase;
			buildActionMask = 2147483647;
			files = (
				845157CB20CBEBEE0049B970 /* day_5Tests.swift in Sources */,
			);
			runOnlyForDeploymentPostprocessing = 0;
		};
		845157CD20CBEBEE0049B970 /* Sources */ = {
			isa = PBXSourcesBuildPhase;
			buildActionMask = 2147483647;
			files = (
				845157D620CBEBEE0049B970 /* day_5UITests.swift in Sources */,
			);
			runOnlyForDeploymentPostprocessing = 0;
		};
/* End PBXSourcesBuildPhase section */

/* Begin PBXTargetDependency section */
		845157C820CBEBEE0049B970 /* PBXTargetDependency */ = {
			isa = PBXTargetDependency;
			target = 845157B120CBEBEC0049B970 /* day-5 */;
			targetProxy = 845157C720CBEBEE0049B970 /* PBXContainerItemProxy */;
		};
		845157D320CBEBEE0049B970 /* PBXTargetDependency */ = {
			isa = PBXTargetDependency;
			target = 845157B120CBEBEC0049B970 /* day-5 */;
			targetProxy = 845157D220CBEBEE0049B970 /* PBXContainerItemProxy */;
		};
/* End PBXTargetDependency section */

/* Begin PBXVariantGroup section */
		845157B920CBEBEC0049B970 /* Main.storyboard */ = {
			isa = PBXVariantGroup;
			children = (
				845157BA20CBEBEC0049B970 /* Base */,
			);
			name = Main.storyboard;
			sourceTree = "<group>";
		};
		845157BE20CBEBEE0049B970 /* LaunchScreen.storyboard */ = {
			isa = PBXVariantGroup;
			children = (
				845157BF20CBEBEE0049B970 /* Base */,
			);
			name = LaunchScreen.storyboard;
			sourceTree = "<group>";
		};
/* End PBXVariantGroup section */

/* Begin XCBuildConfiguration section */
		845157D820CBEBEE0049B970 /* Debug */ = {
			isa = XCBuildConfiguration;
			buildSettings = {
				ALWAYS_SEARCH_USER_PATHS = NO;
				CLANG_ANALYZER_NONNULL = YES;
				CLANG_ANALYZER_NUMBER_OBJECT_CONVERSION = YES_AGGRESSIVE;
				CLANG_CXX_LANGUAGE_STANDARD = "gnu++14";
				CLANG_CXX_LIBRARY = "libc++";
				CLANG_ENABLE_MODULES = YES;
				CLANG_ENABLE_OBJC_ARC = YES;
				CLANG_ENABLE_OBJC_WEAK = YES;
				CLANG_WARN_BLOCK_CAPTURE_AUTORELEASING = YES;
				CLANG_WARN_BOOL_CONVERSION = YES;
				CLANG_WARN_COMMA = YES;
				CLANG_WARN_CONSTANT_CONVERSION = YES;
				CLANG_WARN_DEPRECATED_OBJC_IMPLEMENTATIONS = YES;
				CLANG_WARN_DIRECT_OBJC_ISA_USAGE = YES_ERROR;
				CLANG_WARN_DOCUMENTATION_COMMENTS = YES;
				CLANG_WARN_EMPTY_BODY = YES;
				CLANG_WARN_ENUM_CONVERSION = YES;
				CLANG_WARN_INFINITE_RECURSION = YES;
				CLANG_WARN_INT_CONVERSION = YES;
				CLANG_WARN_NON_LITERAL_NULL_CONVERSION = YES;
				CLANG_WARN_OBJC_IMPLICIT_RETAIN_SELF = YES;
				CLANG_WARN_OBJC_LITERAL_CONVERSION = YES;
				CLANG_WARN_OBJC_ROOT_CLASS = YES_ERROR;
				CLANG_WARN_RANGE_LOOP_ANALYSIS = YES;
				CLANG_WARN_STRICT_PROTOTYPES = YES;
				CLANG_WARN_SUSPICIOUS_MOVE = YES;
				CLANG_WARN_UNGUARDED_AVAILABILITY = YES_AGGRESSIVE;
				CLANG_WARN_UNREACHABLE_CODE = YES;
				CLANG_WARN__DUPLICATE_METHOD_MATCH = YES;
				CODE_SIGN_IDENTITY = "iPhone Developer";
				COPY_PHASE_STRIP = NO;
				DEBUG_INFORMATION_FORMAT = dwarf;
				ENABLE_STRICT_OBJC_MSGSEND = YES;
				ENABLE_TESTABILITY = YES;
				GCC_C_LANGUAGE_STANDARD = gnu11;
				GCC_DYNAMIC_NO_PIC = NO;
				GCC_NO_COMMON_BLOCKS = YES;
				GCC_OPTIMIZATION_LEVEL = 0;
				GCC_PREPROCESSOR_DEFINITIONS = (
					"DEBUG=1",
					"$(inherited)",
				);
				GCC_WARN_64_TO_32_BIT_CONVERSION = YES;
				GCC_WARN_ABOUT_RETURN_TYPE = YES_ERROR;
				GCC_WARN_UNDECLARED_SELECTOR = YES;
				GCC_WARN_UNINITIALIZED_AUTOS = YES_AGGRESSIVE;
				GCC_WARN_UNUSED_FUNCTION = YES;
				GCC_WARN_UNUSED_VARIABLE = YES;
				IPHONEOS_DEPLOYMENT_TARGET = 11.3;
				MTL_ENABLE_DEBUG_INFO = YES;
				ONLY_ACTIVE_ARCH = YES;
				SDKROOT = iphoneos;
				SWIFT_ACTIVE_COMPILATION_CONDITIONS = DEBUG;
				SWIFT_OPTIMIZATION_LEVEL = "-Onone";
			};
			name = Debug;
		};
		845157D920CBEBEE0049B970 /* Release */ = {
			isa = XCBuildConfiguration;
			buildSettings = {
				ALWAYS_SEARCH_USER_PATHS = NO;
				CLANG_ANALYZER_NONNULL = YES;
				CLANG_ANALYZER_NUMBER_OBJECT_CONVERSION = YES_AGGRESSIVE;
				CLANG_CXX_LANGUAGE_STANDARD = "gnu++14";
				CLANG_CXX_LIBRARY = "libc++";
				CLANG_ENABLE_MODULES = YES;
				CLANG_ENABLE_OBJC_ARC = YES;
				CLANG_ENABLE_OBJC_WEAK = YES;
				CLANG_WARN_BLOCK_CAPTURE_AUTORELEASING = YES;
				CLANG_WARN_BOOL_CONVERSION = YES;
				CLANG_WARN_COMMA = YES;
				CLANG_WARN_CONSTANT_CONVERSION = YES;
				CLANG_WARN_DEPRECATED_OBJC_IMPLEMENTATIONS = YES;
				CLANG_WARN_DIRECT_OBJC_ISA_USAGE = YES_ERROR;
				CLANG_WARN_DOCUMENTATION_COMMENTS = YES;
				CLANG_WARN_EMPTY_BODY = YES;
				CLANG_WARN_ENUM_CONVERSION = YES;
				CLANG_WARN_INFINITE_RECURSION = YES;
				CLANG_WARN_INT_CONVERSION = YES;
				CLANG_WARN_NON_LITERAL_NULL_CONVERSION = YES;
				CLANG_WARN_OBJC_IMPLICIT_RETAIN_SELF = YES;
				CLANG_WARN_OBJC_LITERAL_CONVERSION = YES;
				CLANG_WARN_OBJC_ROOT_CLASS = YES_ERROR;
				CLANG_WARN_RANGE_LOOP_ANALYSIS = YES;
				CLANG_WARN_STRICT_PROTOTYPES = YES;
				CLANG_WARN_SUSPICIOUS_MOVE = YES;
				CLANG_WARN_UNGUARDED_AVAILABILITY = YES_AGGRESSIVE;
				CLANG_WARN_UNREACHABLE_CODE = YES;
				CLANG_WARN__DUPLICATE_METHOD_MATCH = YES;
				CODE_SIGN_IDENTITY = "iPhone Developer";
				COPY_PHASE_STRIP = NO;
				DEBUG_INFORMATION_FORMAT = "dwarf-with-dsym";
				ENABLE_NS_ASSERTIONS = NO;
				ENABLE_STRICT_OBJC_MSGSEND = YES;
				GCC_C_LANGUAGE_STANDARD = gnu11;
				GCC_NO_COMMON_BLOCKS = YES;
				GCC_WARN_64_TO_32_BIT_CONVERSION = YES;
				GCC_WARN_ABOUT_RETURN_TYPE = YES_ERROR;
				GCC_WARN_UNDECLARED_SELECTOR = YES;
				GCC_WARN_UNINITIALIZED_AUTOS = YES_AGGRESSIVE;
				GCC_WARN_UNUSED_FUNCTION = YES;
				GCC_WARN_UNUSED_VARIABLE = YES;
				IPHONEOS_DEPLOYMENT_TARGET = 11.3;
				MTL_ENABLE_DEBUG_INFO = NO;
				SDKROOT = iphoneos;
				SWIFT_COMPILATION_MODE = wholemodule;
				SWIFT_OPTIMIZATION_LEVEL = "-O";
				VALIDATE_PRODUCT = YES;
			};
			name = Release;
		};
		845157DB20CBEBEE0049B970 /* Debug */ = {
			isa = XCBuildConfiguration;
			buildSettings = {
				ASSETCATALOG_COMPILER_APPICON_NAME = AppIcon;
				CODE_SIGN_STYLE = Automatic;
				DEVELOPMENT_TEAM = 74CV7X9D4C;
				INFOPLIST_FILE = "day-5/Info.plist";
				LD_RUNPATH_SEARCH_PATHS = (
					"$(inherited)",
					"@executable_path/Frameworks",
				);
				PRODUCT_BUNDLE_IDENTIFIER = "abc.day-5";
				PRODUCT_NAME = "$(TARGET_NAME)";
				SWIFT_VERSION = 4.0;
				TARGETED_DEVICE_FAMILY = 1;
			};
			name = Debug;
		};
		845157DC20CBEBEE0049B970 /* Release */ = {
			isa = XCBuildConfiguration;
			buildSettings = {
				ASSETCATALOG_COMPILER_APPICON_NAME = AppIcon;
				CODE_SIGN_STYLE = Automatic;
				DEVELOPMENT_TEAM = 74CV7X9D4C;
				INFOPLIST_FILE = "day-5/Info.plist";
				LD_RUNPATH_SEARCH_PATHS = (
					"$(inherited)",
					"@executable_path/Frameworks",
				);
				PRODUCT_BUNDLE_IDENTIFIER = "abc.day-5";
				PRODUCT_NAME = "$(TARGET_NAME)";
				SWIFT_VERSION = 4.0;
				TARGETED_DEVICE_FAMILY = 1;
			};
			name = Release;
		};
		845157DE20CBEBEE0049B970 /* Debug */ = {
			isa = XCBuildConfiguration;
			buildSettings = {
				ALWAYS_EMBED_SWIFT_STANDARD_LIBRARIES = YES;
				BUNDLE_LOADER = "$(TEST_HOST)";
				CODE_SIGN_STYLE = Automatic;
				INFOPLIST_FILE = "day-5Tests/Info.plist";
				LD_RUNPATH_SEARCH_PATHS = (
					"$(inherited)",
					"@executable_path/Frameworks",
					"@loader_path/Frameworks",
				);
				PRODUCT_BUNDLE_IDENTIFIER = "abc.day-5Tests";
				PRODUCT_NAME = "$(TARGET_NAME)";
				SWIFT_VERSION = 4.0;
				TARGETED_DEVICE_FAMILY = "1,2";
				TEST_HOST = "$(BUILT_PRODUCTS_DIR)/day-5.app/day-5";
			};
			name = Debug;
		};
		845157DF20CBEBEE0049B970 /* Release */ = {
			isa = XCBuildConfiguration;
			buildSettings = {
				ALWAYS_EMBED_SWIFT_STANDARD_LIBRARIES = YES;
				BUNDLE_LOADER = "$(TEST_HOST)";
				CODE_SIGN_STYLE = Automatic;
				INFOPLIST_FILE = "day-5Tests/Info.plist";
				LD_RUNPATH_SEARCH_PATHS = (
					"$(inherited)",
					"@executable_path/Frameworks",
					"@loader_path/Frameworks",
				);
				PRODUCT_BUNDLE_IDENTIFIER = "abc.day-5Tests";
				PRODUCT_NAME = "$(TARGET_NAME)";
				SWIFT_VERSION = 4.0;
				TARGETED_DEVICE_FAMILY = "1,2";
				TEST_HOST = "$(BUILT_PRODUCTS_DIR)/day-5.app/day-5";
			};
			name = Release;
		};
		845157E120CBEBEE0049B970 /* Debug */ = {
			isa = XCBuildConfiguration;
			buildSettings = {
				ALWAYS_EMBED_SWIFT_STANDARD_LIBRARIES = YES;
				CODE_SIGN_STYLE = Automatic;
				INFOPLIST_FILE = "day-5UITests/Info.plist";
				LD_RUNPATH_SEARCH_PATHS = (
					"$(inherited)",
					"@executable_path/Frameworks",
					"@loader_path/Frameworks",
				);
				PRODUCT_BUNDLE_IDENTIFIER = "abc.day-5UITests";
				PRODUCT_NAME = "$(TARGET_NAME)";
				SWIFT_VERSION = 4.0;
				TARGETED_DEVICE_FAMILY = "1,2";
				TEST_TARGET_NAME = "day-5";
			};
			name = Debug;
		};
		845157E220CBEBEE0049B970 /* Release */ = {
			isa = XCBuildConfiguration;
			buildSettings = {
				ALWAYS_EMBED_SWIFT_STANDARD_LIBRARIES = YES;
				CODE_SIGN_STYLE = Automatic;
				INFOPLIST_FILE = "day-5UITests/Info.plist";
				LD_RUNPATH_SEARCH_PATHS = (
					"$(inherited)",
					"@executable_path/Frameworks",
					"@loader_path/Frameworks",
				);
				PRODUCT_BUNDLE_IDENTIFIER = "abc.day-5UITests";
				PRODUCT_NAME = "$(TARGET_NAME)";
				SWIFT_VERSION = 4.0;
				TARGETED_DEVICE_FAMILY = "1,2";
				TEST_TARGET_NAME = "day-5";
			};
			name = Release;
		};
/* End XCBuildConfiguration section */

/* Begin XCConfigurationList section */
		845157AD20CBEBEC0049B970 /* Build configuration list for PBXProject "NgocMinh" */ = {
			isa = XCConfigurationList;
			buildConfigurations = (
				845157D820CBEBEE0049B970 /* Debug */,
				845157D920CBEBEE0049B970 /* Release */,
			);
			defaultConfigurationIsVisible = 0;
			defaultConfigurationName = Release;
		};
		845157DA20CBEBEE0049B970 /* Build configuration list for PBXNativeTarget "day-5" */ = {
			isa = XCConfigurationList;
			buildConfigurations = (
				845157DB20CBEBEE0049B970 /* Debug */,
				845157DC20CBEBEE0049B970 /* Release */,
			);
			defaultConfigurationIsVisible = 0;
			defaultConfigurationName = Release;
		};
		845157DD20CBEBEE0049B970 /* Build configuration list for PBXNativeTarget "day-5Tests" */ = {
			isa = XCConfigurationList;
			buildConfigurations = (
				845157DE20CBEBEE0049B970 /* Debug */,
				845157DF20CBEBEE0049B970 /* Release */,
			);
			defaultConfigurationIsVisible = 0;
			defaultConfigurationName = Release;
		};
		845157E020CBEBEE0049B970 /* Build configuration list for PBXNativeTarget "day-5UITests" */ = {
			isa = XCConfigurationList;
			buildConfigurations = (
				845157E120CBEBEE0049B970 /* Debug */,
				845157E220CBEBEE0049B970 /* Release */,
			);
			defaultConfigurationIsVisible = 0;
			defaultConfigurationName = Release;
		};
/* End XCConfigurationList section */
	};
	rootObject = 845157AA20CBEBEC0049B970 /* Project object */;
}
